
Microsoft Visual Studio Solution File, Format Version 12.00
# Visual Studio Version 17
VisualStudioVersion = 17.13.35931.197 d17.13
MinimumVisualStudioVersion = 10.0.40219.1
Project("{FAE04EC0-301F-11D3-BF4B-00C04F79EFBC}") = "wfaColorBox", "wfaColorBox\wfaColorBox.csproj", "{D35B798B-FFB9-47F3-853D-94CE7342C1CE}"
EndProject
Global
	GlobalSection(SolutionConfigurationPlatforms) = preSolution
		Debug|Any CPU = Debug|Any CPU
		Release|Any CPU = Release|Any CPU
	EndGlobalSection
	GlobalSection(ProjectConfigurationPlatforms) = postSolution
		{D35B798B-FFB9-47F3-853D-94CE7342C1CE}.Debug|Any CPU.ActiveCfg = Debug|Any CPU
		{D35B798B-FFB9-47F3-853D-94CE7342C1CE}.Debug|Any CPU.Build.0 = Debug|Any CPU
		{D35B798B-FFB9-47F3-853D-94CE7342C1CE}.Release|Any CPU.ActiveCfg = Release|Any CPU
		{D35B798B-FFB9-47F3-853D-94CE7342C1CE}.Release|Any CPU.Build.0 = Release|Any CPU
	EndGlobalSection
	GlobalSection(SolutionProperties) = preSolution
		HideSolutionNode = FALSE
	EndGlobalSection
	GlobalSection(ExtensibilityGlobals) = postSolution
		SolutionGuid = {ECA6C1D2-05A2-41F9-9FD0-C00469342EA6}
	EndGlobalSection
EndGlobal
