
Microsoft Visual Studio Solution File, Format Version 12.00
# Visual Studio Version 17
VisualStudioVersion = 17.13.35931.197 d17.13
MinimumVisualStudioVersion = 10.0.40219.1
Project("{FAE04EC0-301F-11D3-BF4B-00C04F79EFBC}") = "wfaCards", "wfaCards\wfaCards.csproj", "{1C109371-FE55-4620-A111-1AC99695CEFC}"
EndProject
Global
	GlobalSection(SolutionConfigurationPlatforms) = preSolution
		Debug|Any CPU = Debug|Any CPU
		Release|Any CPU = Release|Any CPU
	EndGlobalSection
	GlobalSection(ProjectConfigurationPlatforms) = postSolution
		{1C109371-FE55-4620-A111-1AC99695CEFC}.Debug|Any CPU.ActiveCfg = Debug|Any CPU
		{1C109371-FE55-4620-A111-1AC99695CEFC}.Debug|Any CPU.Build.0 = Debug|Any CPU
		{1C109371-FE55-4620-A111-1AC99695CEFC}.Release|Any CPU.ActiveCfg = Release|Any CPU
		{1C109371-FE55-4620-A111-1AC99695CEFC}.Release|Any CPU.Build.0 = Release|Any CPU
	EndGlobalSection
	GlobalSection(SolutionProperties) = preSolution
		HideSolutionNode = FALSE
	EndGlobalSection
	GlobalSection(ExtensibilityGlobals) = postSolution
		SolutionGuid = {62B2ACEB-D89B-4014-BDBB-3C4D2F6188C1}
	EndGlobalSection
EndGlobal
